// !$*UTF8*$!
{
	archiveVersion = 1;
	classes = {
	};
	objectVersion = 50;
	objects = {

/* Begin PBXBuildFile section */
		A136FA669CE2A64C7EAC8AC4 /* Pods_tweet_sentiment.framework in Frameworks */ = {isa = PBXBuildFile; fileRef = 7F590BFFDF6E9984FA42E1E5 /* Pods_tweet_sentiment.framework */; };
		D1B99EE921EA36A2001AD490 /* AppDelegate.swift in Sources */ = {isa = PBXBuildFile; fileRef = D1B99EE821EA36A2001AD490 /* AppDelegate.swift */; };
		D1B99EEB21EA36A2001AD490 /* ViewController.swift in Sources */ = {isa = PBXBuildFile; fileRef = D1B99EEA21EA36A2001AD490 /* ViewController.swift */; };
		D1B99EEE21EA36A2001AD490 /* Main.storyboard in Resources */ = {isa = PBXBuildFile; fileRef = D1B99EEC21EA36A2001AD490 /* Main.storyboard */; };
		D1B99EF021EA36A4001AD490 /* Assets.xcassets in Resources */ = {isa = PBXBuildFile; fileRef = D1B99EEF21EA36A4001AD490 /* Assets.xcassets */; };
		D1B99EF321EA36A4001AD490 /* LaunchScreen.storyboard in Resources */ = {isa = PBXBuildFile; fileRef = D1B99EF121EA36A4001AD490 /* LaunchScreen.storyboard */; };
/* End PBXBuildFile section */

/* Begin PBXFileReference section */
		1DA0A7A9924D8CF6698F031D /* Pods-tweet-sentiment.release.xcconfig */ = {isa = PBXFileReference; includeInIndex = 1; lastKnownFileType = text.xcconfig; name = "Pods-tweet-sentiment.release.xcconfig"; path = "Pods/Target Support Files/Pods-tweet-sentiment/Pods-tweet-sentiment.release.xcconfig"; sourceTree = "<group>"; };
		54BA3AF5598400D9E0A624C6 /* Pods-tweet-sentiment.debug.xcconfig */ = {isa = PBXFileReference; includeInIndex = 1; lastKnownFileType = text.xcconfig; name = "Pods-tweet-sentiment.debug.xcconfig"; path = "Pods/Target Support Files/Pods-tweet-sentiment/Pods-tweet-sentiment.debug.xcconfig"; sourceTree = "<group>"; };
		7F590BFFDF6E9984FA42E1E5 /* Pods_tweet_sentiment.framework */ = {isa = PBXFileReference; explicitFileType = wrapper.framework; includeInIndex = 0; path = Pods_tweet_sentiment.framework; sourceTree = BUILT_PRODUCTS_DIR; };
		D1B99EE521EA36A2001AD490 /* tweet-sentiment.app */ = {isa = PBXFileReference; explicitFileType = wrapper.application; includeInIndex = 0; path = "tweet-sentiment.app"; sourceTree = BUILT_PRODUCTS_DIR; };
		D1B99EE821EA36A2001AD490 /* AppDelegate.swift */ = {isa = PBXFileReference; lastKnownFileType = sourcecode.swift; path = AppDelegate.swift; sourceTree = "<group>"; };
		D1B99EEA21EA36A2001AD490 /* ViewController.swift */ = {isa = PBXFileReference; lastKnownFileType = sourcecode.swift; path = ViewController.swift; sourceTree = "<group>"; };
		D1B99EED21EA36A2001AD490 /* Base */ = {isa = PBXFileReference; lastKnownFileType = file.storyboard; name = Base; path = Base.lproj/Main.storyboard; sourceTree = "<group>"; };
		D1B99EEF21EA36A4001AD490 /* Assets.xcassets */ = {isa = PBXFileReference; lastKnownFileType = folder.assetcatalog; path = Assets.xcassets; sourceTree = "<group>"; };
		D1B99EF221EA36A4001AD490 /* Base */ = {isa = PBXFileReference; lastKnownFileType = file.storyboard; name = Base; path = Base.lproj/LaunchScreen.storyboard; sourceTree = "<group>"; };
		D1B99EF421EA36A4001AD490 /* Info.plist */ = {isa = PBXFileReference; lastKnownFileType = text.plist.xml; path = Info.plist; sourceTree = "<group>"; };
/* End PBXFileReference section */

/* Begin PBXFrameworksBuildPhase section */
		D1B99EE221EA36A2001AD490 /* Frameworks */ = {
			isa = PBXFrameworksBuildPhase;
			buildActionMask = 2147483647;
			files = (
				A136FA669CE2A64C7EAC8AC4 /* Pods_tweet_sentiment.framework in Frameworks */,
			);
			runOnlyForDeploymentPostprocessing = 0;
		};
/* End PBXFrameworksBuildPhase section */

/* Begin PBXGroup section */
		A9D735F39EB3D4022E0D6085 /* Frameworks */ = {
			isa = PBXGroup;
			children = (
				7F590BFFDF6E9984FA42E1E5 /* Pods_tweet_sentiment.framework */,
			);
			name = Frameworks;
			sourceTree = "<group>";
		};
		D1B99EDC21EA36A2001AD490 = {
			isa = PBXGroup;
			children = (
				D1B99EE721EA36A2001AD490 /* tweet-sentiment */,
				D1B99EE621EA36A2001AD490 /* Products */,
				DF7A3E83149EBFA773430D82 /* Pods */,
				A9D735F39EB3D4022E0D6085 /* Frameworks */,
			);
			sourceTree = "<group>";
		};
		D1B99EE621EA36A2001AD490 /* Products */ = {
			isa = PBXGroup;
			children = (
				D1B99EE521EA36A2001AD490 /* tweet-sentiment.app */,
			);
			name = Products;
			sourceTree = "<group>";
		};
		D1B99EE721EA36A2001AD490 /* tweet-sentiment */ = {
			isa = PBXGroup;
			children = (
				D1B99EE821EA36A2001AD490 /* AppDelegate.swift */,
				D1B99EEA21EA36A2001AD490 /* ViewController.swift */,
				D1B99EEC21EA36A2001AD490 /* Main.storyboard */,
				D1B99EEF21EA36A4001AD490 /* Assets.xcassets */,
				D1B99EF121EA36A4001AD490 /* LaunchScreen.storyboard */,
				D1B99EF421EA36A4001AD490 /* Info.plist */,
			);
			path = "tweet-sentiment";
			sourceTree = "<group>";
		};
		DF7A3E83149EBFA773430D82 /* Pods */ = {
			isa = PBXGroup;
			children = (
				54BA3AF5598400D9E0A624C6 /* Pods-tweet-sentiment.debug.xcconfig */,
				1DA0A7A9924D8CF6698F031D /* Pods-tweet-sentiment.release.xcconfig */,
			);
			name = Pods;
			sourceTree = "<group>";
		};
/* End PBXGroup section */

/* Begin PBXNativeTarget section */
		D1B99EE421EA36A2001AD490 /* tweet-sentiment */ = {
			isa = PBXNativeTarget;
			buildConfigurationList = D1B99EF721EA36A4001AD490 /* Build configuration list for PBXNativeTarget "tweet-sentiment" */;
			buildPhases = (
				E8511DF86B87F38389F9F8D4 /* [CP] Check Pods Manifest.lock */,
				D1B99EE121EA36A2001AD490 /* Sources */,
				D1B99EE221EA36A2001AD490 /* Frameworks */,
				D1B99EE321EA36A2001AD490 /* Resources */,
				526523ED3954042216D934BF /* [CP] Embed Pods Frameworks */,
			);
			buildRules = (
			);
			dependencies = (
			);
			name = "tweet-sentiment";
			productName = "tweet-sentiment";
			productReference = D1B99EE521EA36A2001AD490 /* tweet-sentiment.app */;
			productType = "com.apple.product-type.application";
		};
/* End PBXNativeTarget section */

/* Begin PBXProject section */
		D1B99EDD21EA36A2001AD490 /* Project object */ = {
			isa = PBXProject;
			attributes = {
				LastSwiftUpdateCheck = 1010;
				LastUpgradeCheck = 1010;
				ORGANIZATIONNAME = "Bernardo Duarte";
				TargetAttributes = {
					D1B99EE421EA36A2001AD490 = {
						CreatedOnToolsVersion = 10.1;
					};
				};
			};
			buildConfigurationList = D1B99EE021EA36A2001AD490 /* Build configuration list for PBXProject "tweet-sentiment" */;
			compatibilityVersion = "Xcode 9.3";
			developmentRegion = en;
			hasScannedForEncodings = 0;
			knownRegions = (
				en,
				Base,
			);
			mainGroup = D1B99EDC21EA36A2001AD490;
			productRefGroup = D1B99EE621EA36A2001AD490 /* Products */;
			projectDirPath = "";
			projectRoot = "";
			targets = (
				D1B99EE421EA36A2001AD490 /* tweet-sentiment */,
			);
		};
/* End PBXProject section */

/* Begin PBXResourcesBuildPhase section */
		D1B99EE321EA36A2001AD490 /* Resources */ = {
			isa = PBXResourcesBuildPhase;
			buildActionMask = 2147483647;
			files = (
				D1B99EF321EA36A4001AD490 /* LaunchScreen.storyboard in Resources */,
				D1B99EF021EA36A4001AD490 /* Assets.xcassets in Resources */,
				D1B99EEE21EA36A2001AD490 /* Main.storyboard in Resources */,
			);
			runOnlyForDeploymentPostprocessing = 0;
		};
/* End PBXResourcesBuildPhase section */

/* Begin PBXShellScriptBuildPhase section */
		526523ED3954042216D934BF /* [CP] Embed Pods Frameworks */ = {
			isa = PBXShellScriptBuildPhase;
			buildActionMask = 2147483647;
			files = (
			);
			inputFileListPaths = (
			);
			inputPaths = (
				"${SRCROOT}/Pods/Target Support Files/Pods-tweet-sentiment/Pods-tweet-sentiment-frameworks.sh",
				"${BUILT_PRODUCTS_DIR}/Alamofire/Alamofire.framework",
				"${BUILT_PRODUCTS_DIR}/Kingfisher/Kingfisher.framework",
				"${BUILT_PRODUCTS_DIR}/Moya/Moya.framework",
				"${BUILT_PRODUCTS_DIR}/Result/Result.framework",
				"${BUILT_PRODUCTS_DIR}/RxAtomic/RxAtomic.framework",
				"${BUILT_PRODUCTS_DIR}/RxCocoa/RxCocoa.framework",
				"${BUILT_PRODUCTS_DIR}/RxSwift/RxSwift.framework",
				"${BUILT_PRODUCTS_DIR}/Swinject/Swinject.framework",
				"${BUILT_PRODUCTS_DIR}/SwinjectAutoregistration/SwinjectAutoregistration.framework",
			);
			name = "[CP] Embed Pods Frameworks";
			outputFileListPaths = (
			);
			outputPaths = (
				"${TARGET_BUILD_DIR}/${FRAMEWORKS_FOLDER_PATH}/Alamofire.framework",
				"${TARGET_BUILD_DIR}/${FRAMEWORKS_FOLDER_PATH}/Kingfisher.framework",
				"${TARGET_BUILD_DIR}/${FRAMEWORKS_FOLDER_PATH}/Moya.framework",
				"${TARGET_BUILD_DIR}/${FRAMEWORKS_FOLDER_PATH}/Result.framework",
				"${TARGET_BUILD_DIR}/${FRAMEWORKS_FOLDER_PATH}/RxAtomic.framework",
				"${TARGET_BUILD_DIR}/${FRAMEWORKS_FOLDER_PATH}/RxCocoa.framework",
				"${TARGET_BUILD_DIR}/${FRAMEWORKS_FOLDER_PATH}/RxSwift.framework",
				"${TARGET_BUILD_DIR}/${FRAMEWORKS_FOLDER_PATH}/Swinject.framework",
				"${TARGET_BUILD_DIR}/${FRAMEWORKS_FOLDER_PATH}/SwinjectAutoregistration.framework",
			);
			runOnlyForDeploymentPostprocessing = 0;
			shellPath = /bin/sh;
			shellScript = "\"${SRCROOT}/Pods/Target Support Files/Pods-tweet-sentiment/Pods-tweet-sentiment-frameworks.sh\"\n";
			showEnvVarsInLog = 0;
		};
		E8511DF86B87F38389F9F8D4 /* [CP] Check Pods Manifest.lock */ = {
			isa = PBXShellScriptBuildPhase;
			buildActionMask = 2147483647;
			files = (
			);
			inputFileListPaths = (
			);
			inputPaths = (
				"${PODS_PODFILE_DIR_PATH}/Podfile.lock",
				"${PODS_ROOT}/Manifest.lock",
			);
			name = "[CP] Check Pods Manifest.lock";
			outputFileListPaths = (
			);
			outputPaths = (
				"$(DERIVED_FILE_DIR)/Pods-tweet-sentiment-checkManifestLockResult.txt",
			);
			runOnlyForDeploymentPostprocessing = 0;
			shellPath = /bin/sh;
			shellScript = "diff \"${PODS_PODFILE_DIR_PATH}/Podfile.lock\" \"${PODS_ROOT}/Manifest.lock\" > /dev/null\nif [ $? != 0 ] ; then\n    # print error to STDERR\n    echo \"error: The sandbox is not in sync with the Podfile.lock. Run 'pod install' or update your CocoaPods installation.\" >&2\n    exit 1\nfi\n# This output is used by Xcode 'outputs' to avoid re-running this script phase.\necho \"SUCCESS\" > \"${SCRIPT_OUTPUT_FILE_0}\"\n";
			showEnvVarsInLog = 0;
		};
/* End PBXShellScriptBuildPhase section */

/* Begin PBXSourcesBuildPhase section */
		D1B99EE121EA36A2001AD490 /* Sources */ = {
			isa = PBXSourcesBuildPhase;
			buildActionMask = 2147483647;
			files = (
				D1B99EEB21EA36A2001AD490 /* ViewController.swift in Sources */,
				D1B99EE921EA36A2001AD490 /* AppDelegate.swift in Sources */,
			);
			runOnlyForDeploymentPostprocessing = 0;
		};
/* End PBXSourcesBuildPhase section */

/* Begin PBXVariantGroup section */
		D1B99EEC21EA36A2001AD490 /* Main.storyboard */ = {
			isa = PBXVariantGroup;
			children = (
				D1B99EED21EA36A2001AD490 /* Base */,
			);
			name = Main.storyboard;
			sourceTree = "<group>";
		};
		D1B99EF121EA36A4001AD490 /* LaunchScreen.storyboard */ = {
			isa = PBXVariantGroup;
			children = (
				D1B99EF221EA36A4001AD490 /* Base */,
			);
			name = LaunchScreen.storyboard;
			sourceTree = "<group>";
		};
/* End PBXVariantGroup section */

/* Begin XCBuildConfiguration section */
		D1B99EF521EA36A4001AD490 /* Debug */ = {
			isa = XCBuildConfiguration;
			buildSettings = {
				ALWAYS_SEARCH_USER_PATHS = NO;
				CLANG_ANALYZER_NONNULL = YES;
				CLANG_ANALYZER_NUMBER_OBJECT_CONVERSION = YES_AGGRESSIVE;
				CLANG_CXX_LANGUAGE_STANDARD = "gnu++14";
				CLANG_CXX_LIBRARY = "libc++";
				CLANG_ENABLE_MODULES = YES;
				CLANG_ENABLE_OBJC_ARC = YES;
				CLANG_ENABLE_OBJC_WEAK = YES;
				CLANG_WARN_BLOCK_CAPTURE_AUTORELEASING = YES;
				CLANG_WARN_BOOL_CONVERSION = YES;
				CLANG_WARN_COMMA = YES;
				CLANG_WARN_CONSTANT_CONVERSION = YES;
				CLANG_WARN_DEPRECATED_OBJC_IMPLEMENTATIONS = YES;
				CLANG_WARN_DIRECT_OBJC_ISA_USAGE = YES_ERROR;
				CLANG_WARN_DOCUMENTATION_COMMENTS = YES;
				CLANG_WARN_EMPTY_BODY = YES;
				CLANG_WARN_ENUM_CONVERSION = YES;
				CLANG_WARN_INFINITE_RECURSION = YES;
				CLANG_WARN_INT_CONVERSION = YES;
				CLANG_WARN_NON_LITERAL_NULL_CONVERSION = YES;
				CLANG_WARN_OBJC_IMPLICIT_RETAIN_SELF = YES;
				CLANG_WARN_OBJC_LITERAL_CONVERSION = YES;
				CLANG_WARN_OBJC_ROOT_CLASS = YES_ERROR;
				CLANG_WARN_RANGE_LOOP_ANALYSIS = YES;
				CLANG_WARN_STRICT_PROTOTYPES = YES;
				CLANG_WARN_SUSPICIOUS_MOVE = YES;
				CLANG_WARN_UNGUARDED_AVAILABILITY = YES_AGGRESSIVE;
				CLANG_WARN_UNREACHABLE_CODE = YES;
				CLANG_WARN__DUPLICATE_METHOD_MATCH = YES;
				CODE_SIGN_IDENTITY = "iPhone Developer";
				COPY_PHASE_STRIP = NO;
				DEBUG_INFORMATION_FORMAT = dwarf;
				ENABLE_STRICT_OBJC_MSGSEND = YES;
				ENABLE_TESTABILITY = YES;
				GCC_C_LANGUAGE_STANDARD = gnu11;
				GCC_DYNAMIC_NO_PIC = NO;
				GCC_NO_COMMON_BLOCKS = YES;
				GCC_OPTIMIZATION_LEVEL = 0;
				GCC_PREPROCESSOR_DEFINITIONS = (
					"DEBUG=1",
					"$(inherited)",
				);
				GCC_WARN_64_TO_32_BIT_CONVERSION = YES;
				GCC_WARN_ABOUT_RETURN_TYPE = YES_ERROR;
				GCC_WARN_UNDECLARED_SELECTOR = YES;
				GCC_WARN_UNINITIALIZED_AUTOS = YES_AGGRESSIVE;
				GCC_WARN_UNUSED_FUNCTION = YES;
				GCC_WARN_UNUSED_VARIABLE = YES;
				IPHONEOS_DEPLOYMENT_TARGET = 12.1;
				MTL_ENABLE_DEBUG_INFO = INCLUDE_SOURCE;
				MTL_FAST_MATH = YES;
				ONLY_ACTIVE_ARCH = YES;
				SDKROOT = iphoneos;
				SWIFT_ACTIVE_COMPILATION_CONDITIONS = DEBUG;
				SWIFT_OPTIMIZATION_LEVEL = "-Onone";
			};
			name = Debug;
		};
		D1B99EF621EA36A4001AD490 /* Release */ = {
			isa = XCBuildConfiguration;
			buildSettings = {
				ALWAYS_SEARCH_USER_PATHS = NO;
				CLANG_ANALYZER_NONNULL = YES;
				CLANG_ANALYZER_NUMBER_OBJECT_CONVERSION = YES_AGGRESSIVE;
				CLANG_CXX_LANGUAGE_STANDARD = "gnu++14";
				CLANG_CXX_LIBRARY = "libc++";
				CLANG_ENABLE_MODULES = YES;
				CLANG_ENABLE_OBJC_ARC = YES;
				CLANG_ENABLE_OBJC_WEAK = YES;
				CLANG_WARN_BLOCK_CAPTURE_AUTORELEASING = YES;
				CLANG_WARN_BOOL_CONVERSION = YES;
				CLANG_WARN_COMMA = YES;
				CLANG_WARN_CONSTANT_CONVERSION = YES;
				CLANG_WARN_DEPRECATED_OBJC_IMPLEMENTATIONS = YES;
				CLANG_WARN_DIRECT_OBJC_ISA_USAGE = YES_ERROR;
				CLANG_WARN_DOCUMENTATION_COMMENTS = YES;
				CLANG_WARN_EMPTY_BODY = YES;
				CLANG_WARN_ENUM_CONVERSION = YES;
				CLANG_WARN_INFINITE_RECURSION = YES;
				CLANG_WARN_INT_CONVERSION = YES;
				CLANG_WARN_NON_LITERAL_NULL_CONVERSION = YES;
				CLANG_WARN_OBJC_IMPLICIT_RETAIN_SELF = YES;
				CLANG_WARN_OBJC_LITERAL_CONVERSION = YES;
				CLANG_WARN_OBJC_ROOT_CLASS = YES_ERROR;
				CLANG_WARN_RANGE_LOOP_ANALYSIS = YES;
				CLANG_WARN_STRICT_PROTOTYPES = YES;
				CLANG_WARN_SUSPICIOUS_MOVE = YES;
				CLANG_WARN_UNGUARDED_AVAILABILITY = YES_AGGRESSIVE;
				CLANG_WARN_UNREACHABLE_CODE = YES;
				CLANG_WARN__DUPLICATE_METHOD_MATCH = YES;
				CODE_SIGN_IDENTITY = "iPhone Developer";
				COPY_PHASE_STRIP = NO;
				DEBUG_INFORMATION_FORMAT = "dwarf-with-dsym";
				ENABLE_NS_ASSERTIONS = NO;
				ENABLE_STRICT_OBJC_MSGSEND = YES;
				GCC_C_LANGUAGE_STANDARD = gnu11;
				GCC_NO_COMMON_BLOCKS = YES;
				GCC_WARN_64_TO_32_BIT_CONVERSION = YES;
				GCC_WARN_ABOUT_RETURN_TYPE = YES_ERROR;
				GCC_WARN_UNDECLARED_SELECTOR = YES;
				GCC_WARN_UNINITIALIZED_AUTOS = YES_AGGRESSIVE;
				GCC_WARN_UNUSED_FUNCTION = YES;
				GCC_WARN_UNUSED_VARIABLE = YES;
				IPHONEOS_DEPLOYMENT_TARGET = 12.1;
				MTL_ENABLE_DEBUG_INFO = NO;
				MTL_FAST_MATH = YES;
				SDKROOT = iphoneos;
				SWIFT_COMPILATION_MODE = wholemodule;
				SWIFT_OPTIMIZATION_LEVEL = "-O";
				VALIDATE_PRODUCT = YES;
			};
			name = Release;
		};
		D1B99EF821EA36A4001AD490 /* Debug */ = {
			isa = XCBuildConfiguration;
			baseConfigurationReference = 54BA3AF5598400D9E0A624C6 /* Pods-tweet-sentiment.debug.xcconfig */;
			buildSettings = {
				ASSETCATALOG_COMPILER_APPICON_NAME = AppIcon;
				CODE_SIGN_STYLE = Automatic;
				DEVELOPMENT_TEAM = UCP4PUH258;
				INFOPLIST_FILE = "tweet-sentiment/Info.plist";
				LD_RUNPATH_SEARCH_PATHS = (
					"$(inherited)",
					"@executable_path/Frameworks",
				);
				PRODUCT_BUNDLE_IDENTIFIER = "com.bernardoduarte.tweet-sentiment";
				PRODUCT_NAME = "$(TARGET_NAME)";
				SWIFT_VERSION = 4.2;
				TARGETED_DEVICE_FAMILY = "1,2";
			};
			name = Debug;
		};
		D1B99EF921EA36A4001AD490 /* Release */ = {
			isa = XCBuildConfiguration;
			baseConfigurationReference = 1DA0A7A9924D8CF6698F031D /* Pods-tweet-sentiment.release.xcconfig */;
			buildSettings = {
				ASSETCATALOG_COMPILER_APPICON_NAME = AppIcon;
				CODE_SIGN_STYLE = Automatic;
				DEVELOPMENT_TEAM = UCP4PUH258;
				INFOPLIST_FILE = "tweet-sentiment/Info.plist";
				LD_RUNPATH_SEARCH_PATHS = (
					"$(inherited)",
					"@executable_path/Frameworks",
				);
				PRODUCT_BUNDLE_IDENTIFIER = "com.bernardoduarte.tweet-sentiment";
				PRODUCT_NAME = "$(TARGET_NAME)";
				SWIFT_VERSION = 4.2;
				TARGETED_DEVICE_FAMILY = "1,2";
			};
			name = Release;
		};
/* End XCBuildConfiguration section */

/* Begin XCConfigurationList section */
		D1B99EE021EA36A2001AD490 /* Build configuration list for PBXProject "tweet-sentiment" */ = {
			isa = XCConfigurationList;
			buildConfigurations = (
				D1B99EF521EA36A4001AD490 /* Debug */,
				D1B99EF621EA36A4001AD490 /* Release */,
			);
			defaultConfigurationIsVisible = 0;
			defaultConfigurationName = Release;
		};
		D1B99EF721EA36A4001AD490 /* Build configuration list for PBXNativeTarget "tweet-sentiment" */ = {
			isa = XCConfigurationList;
			buildConfigurations = (
				D1B99EF821EA36A4001AD490 /* Debug */,
				D1B99EF921EA36A4001AD490 /* Release */,
			);
			defaultConfigurationIsVisible = 0;
			defaultConfigurationName = Release;
		};
/* End XCConfigurationList section */
	};
	rootObject = D1B99EDD21EA36A2001AD490 /* Project object */;
}
